
Microsoft Visual Studio Solution File, Format Version 12.00
# Visual Studio 15
VisualStudioVersion = 15.0.27703.2000
MinimumVisualStudioVersion = 10.0.40219.1
Project("{8BC9CEB8-8B4A-11D0-8D11-00A0C91BC942}") = "bleat", "bleat.vcxproj", "{DA949DC1-1ED3-45CA-8DCA-128281E5C63B}"
EndProject
Global
	GlobalSection(SolutionConfigurationPlatforms) = preSolution
		Debug|x64 = Debug|x64
		Debug|x86 = Debug|x86
		Release|x64 = Release|x64
		Release|x86 = Release|x86
	EndGlobalSection
	GlobalSection(ProjectConfigurationPlatforms) = postSolution
		{DA949DC1-1ED3-45CA-8DCA-128281E5C63B}.Debug|x64.ActiveCfg = Debug|x64
		{DA949DC1-1ED3-45CA-8DCA-128281E5C63B}.Debug|x64.Build.0 = Debug|x64
		{DA949DC1-1ED3-45CA-8DCA-128281E5C63B}.Debug|x86.ActiveCfg = Debug|Win32
		{DA949DC1-1ED3-45CA-8DCA-128281E5C63B}.Debug|x86.Build.0 = Debug|Win32
		{DA949DC1-1ED3-45CA-8DCA-128281E5C63B}.Release|x64.ActiveCfg = Release|x64
		{DA949DC1-1ED3-45CA-8DCA-128281E5C63B}.Release|x64.Build.0 = Release|x64
		{DA949DC1-1ED3-45CA-8DCA-128281E5C63B}.Release|x86.ActiveCfg = Release|Win32
		{DA949DC1-1ED3-45CA-8DCA-128281E5C63B}.Release|x86.Build.0 = Release|Win32
	EndGlobalSection
	GlobalSection(SolutionProperties) = preSolution
		HideSolutionNode = FALSE
	EndGlobalSection
	GlobalSection(ExtensibilityGlobals) = postSolution
		SolutionGuid = {5AE213F1-983F-42DC-8500-A4690514DC22}
	EndGlobalSection
EndGlobal
