<?xml version="1.0" encoding="utf-8"?>
<Project ToolsVersion="4.0" xmlns="http://schemas.microsoft.com/developer/msbuild/2003">
  <ItemGroup>
    <Filter Include="Source Files">
      <UniqueIdentifier>{4FC737F1-C7A5-4376-A066-2A32D752A2FF}</UniqueIdentifier>
      <Extensions>cpp;c;cc;cxx;def;odl;idl;hpj;bat;asm;asmx</Extensions>
    </Filter>
    <Filter Include="Header Files">
      <UniqueIdentifier>{93995380-89BD-4b04-88EB-625FBE52EBFB}</UniqueIdentifier>
      <Extensions>h;hh;hpp;hxx;hm;inl;inc;ipp;xsd</Extensions>
    </Filter>
    <Filter Include="Resource Files">
      <UniqueIdentifier>{67DA6AB6-F800-4c08-8B7A-83BB121AAD01}</UniqueIdentifier>
      <Extensions>rc;ico;cur;bmp;dlg;rc2;rct;bin;rgs;gif;jpg;jpeg;jpe;resx;tiff;tif;png;wav;mfcribbon-ms</Extensions>
    </Filter>
  </ItemGroup>
  <ItemGroup>
    <ClInclude Include="..\src\warble\warble.h">
      <Filter>Header Files</Filter>
    </ClInclude>
    <ClInclude Include="..\src\warble\dllmarker.h">
      <Filter>Header Files</Filter>
    </ClInclude>
    <ClInclude Include="..\src\warble\gatt.h">
      <Filter>Header Files</Filter>
    </ClInclude>
    <ClInclude Include="..\src\warble\gatt_fwd.h">
      <Filter>Header Files</Filter>
    </ClInclude>
    <ClInclude Include="..\src\warble\gattchar.h">
      <Filter>Header Files</Filter>
    </ClInclude>
    <ClInclude Include="..\src\warble\gattchar_fwd.h">
      <Filter>Header Files</Filter>
    </ClInclude>
    <ClInclude Include="..\src\warble\lib.h">
      <Filter>Header Files</Filter>
    </ClInclude>
    <ClInclude Include="..\src\warble\scan_result.h">
      <Filter>Header Files</Filter>
    </ClInclude>
    <ClInclude Include="..\src\warble\scanner.h">
      <Filter>Header Files</Filter>
    </ClInclude>
    <ClInclude Include="..\src\warble\types.h">
      <Filter>Header Files</Filter>
    </ClInclude>
    <ClInclude Include="..\src\warble\cpp\gatt_def.h">
      <Filter>Source Files</Filter>
    </ClInclude>
    <ClInclude Include="..\src\warble\cpp\gattchar_def.h">
      <Filter>Source Files</Filter>
    </ClInclude>
    <ClInclude Include="..\src\warble\cpp\scanner_def.h">
      <Filter>Source Files</Filter>
    </ClInclude>
    <ClInclude Include="$(LibDef)">
      <Filter>Source Files</Filter>
    </ClInclude>
    <ClInclude Include="..\src\warble\cpp\error_messages.h">
      <Filter>Source Files</Filter>
    </ClInclude>
    <ClInclude Include="$(LibDef)" />
  </ItemGroup>
  <ItemGroup>
    <ClCompile Include="..\src\warble\cpp\gatt.cpp">
      <Filter>Source Files</Filter>
    </ClCompile>
    <ClCompile Include="..\src\warble\cpp\gattchar.cpp">
      <Filter>Source Files</Filter>
    </ClCompile>
    <ClCompile Include="..\src\warble\cpp\lib.cpp">
      <Filter>Source Files</Filter>
    </ClCompile>
    <ClCompile Include="..\src\warble\cpp\scanner.cpp">
      <Filter>Source Files</Filter>
    </ClCompile>
    <ClCompile Include="..\src\warble\cpp\win10_api.cpp">
      <Filter>Source Files</Filter>
    </ClCompile>
    <ClCompile Include="..\src\warble\cpp\win10_scanner.cpp">
      <Filter>Source Files</Filter>
    </ClCompile>
  </ItemGroup>
</Project>